
Microsoft Visual Studio Solution File, Format Version 12.00
# Visual Studio Version 16
VisualStudioVersion = 16.0.31321.278
MinimumVisualStudioVersion = 10.0.40219.1
Project("{FAE04EC0-301F-11D3-BF4B-00C04F79EFBC}") = "nameSorter2", "nameSorter2\nameSorter2.csproj", "{D9B2C883-23FE-41C2-96FB-D9BE2FE9FBA9}"
EndProject
Project("{FAE04EC0-301F-11D3-BF4B-00C04F79EFBC}") = "nameSorter2.Tests", "nameSorter2.Tests\nameSorter2.Tests.csproj", "{0983A9DA-BD12-42C5-ACB1-E41DD0B46D86}"
EndProject
Global
	GlobalSection(SolutionConfigurationPlatforms) = preSolution
		Debug|Any CPU = Debug|Any CPU
		Release|Any CPU = Release|Any CPU
	EndGlobalSection
	GlobalSection(ProjectConfigurationPlatforms) = postSolution
		{D9B2C883-23FE-41C2-96FB-D9BE2FE9FBA9}.Debug|Any CPU.ActiveCfg = Debug|Any CPU
		{D9B2C883-23FE-41C2-96FB-D9BE2FE9FBA9}.Debug|Any CPU.Build.0 = Debug|Any CPU
		{D9B2C883-23FE-41C2-96FB-D9BE2FE9FBA9}.Release|Any CPU.ActiveCfg = Release|Any CPU
		{D9B2C883-23FE-41C2-96FB-D9BE2FE9FBA9}.Release|Any CPU.Build.0 = Release|Any CPU
		{0983A9DA-BD12-42C5-ACB1-E41DD0B46D86}.Debug|Any CPU.ActiveCfg = Debug|Any CPU
		{0983A9DA-BD12-42C5-ACB1-E41DD0B46D86}.Debug|Any CPU.Build.0 = Debug|Any CPU
		{0983A9DA-BD12-42C5-ACB1-E41DD0B46D86}.Release|Any CPU.ActiveCfg = Release|Any CPU
		{0983A9DA-BD12-42C5-ACB1-E41DD0B46D86}.Release|Any CPU.Build.0 = Release|Any CPU
	EndGlobalSection
	GlobalSection(SolutionProperties) = preSolution
		HideSolutionNode = FALSE
	EndGlobalSection
	GlobalSection(ExtensibilityGlobals) = postSolution
		SolutionGuid = {C1F326AA-848E-4C48-A9FA-193043D2A6AC}
	EndGlobalSection
EndGlobal
